
Microsoft Visual Studio Solution File, Format Version 12.00
# Visual Studio Version 16
VisualStudioVersion = 16.0.31410.357
MinimumVisualStudioVersion = 10.0.40219.1
Project("{FAE04EC0-301F-11D3-BF4B-00C04F79EFBC}") = "WindowsFormsApp1", "WindowsFormsApp1\WindowsFormsApp1.csproj", "{D41B1BCA-A694-4D4E-907F-8D6D32216C4A}"
EndProject
Global
	GlobalSection(SolutionConfigurationPlatforms) = preSolution
		Debug|Any CPU = Debug|Any CPU
		Release|Any CPU = Release|Any CPU
	EndGlobalSection
	GlobalSection(ProjectConfigurationPlatforms) = postSolution
		{D41B1BCA-A694-4D4E-907F-8D6D32216C4A}.Debug|Any CPU.ActiveCfg = Debug|Any CPU
		{D41B1BCA-A694-4D4E-907F-8D6D32216C4A}.Debug|Any CPU.Build.0 = Debug|Any CPU
		{D41B1BCA-A694-4D4E-907F-8D6D32216C4A}.Release|Any CPU.ActiveCfg = Release|Any CPU
		{D41B1BCA-A694-4D4E-907F-8D6D32216C4A}.Release|Any CPU.Build.0 = Release|Any CPU
	EndGlobalSection
	GlobalSection(SolutionProperties) = preSolution
		HideSolutionNode = FALSE
	EndGlobalSection
	GlobalSection(ExtensibilityGlobals) = postSolution
		SolutionGuid = {4C2CB9F1-9F77-43A0-8A12-42F6521465B8}
	EndGlobalSection
EndGlobal
